# This file is autogenerated, do not edit; changes may be undone by the next 'dep ensure'.


[[projects]]
  branch = "master"
  name = "github.com/andreymgn/RSOI"
  packages = ["pkg/tracer"]
  revision = "29b692cbfb54670f7b2907cd2d37e8da85433c42"

[[projects]]
  branch = "master"
  name = "github.com/andreymgn/RSOI-category"
  packages = ["pkg/category/proto"]
  revision = "282effbce206f5f57633c396b118b7d1ed4cb5ff"

[[projects]]
  branch = "master"
  name = "github.com/andreymgn/RSOI-comment"
  packages = ["pkg/comment/proto"]
  revision = "e9ecb61d0fea0d69e975aadf7c43bf83bb05d6d0"

[[projects]]
  branch = "master"
  name = "github.com/andreymgn/RSOI-post"
  packages = ["pkg/post/proto"]
  revision = "cca9936df580d132a3293d548b5a49c515e2f608"

[[projects]]
  branch = "master"
  name = "github.com/andreymgn/RSOI-poststats"
  packages = ["pkg/poststats/proto"]
  revision = "62b4a5401f72e36e7d36f165869387e04c126f88"

[[projects]]
  branch = "master"
  name = "github.com/andreymgn/RSOI-user"
  packages = ["pkg/user/proto"]
  revision = "3b15c3a8aeff0dbf5f57184f158e7c1d0e8f0536"

[[projects]]
  name = "github.com/golang/protobuf"
  packages = ["proto","ptypes","ptypes/any","ptypes/duration","ptypes/timestamp"]
  revision = "b5d812f8a3706043e23a9cd5babf2e5423744d30"
  version = "v1.3.1"

[[projects]]
  name = "github.com/google/uuid"
  packages = ["."]
  revision = "0cd6bf5da1e1c83f8b45653022c74f71af0538a4"
  version = "v1.1.1"

[[projects]]
  name = "github.com/gorilla/mux"
  packages = ["."]
  revision = "c5c6c98bc25355028a63748a498942a6398ccd22"
  version = "v1.7.1"

[[projects]]
  branch = "master"
  name = "github.com/grpc-ecosystem/grpc-opentracing"
  packages = ["go/otgrpc"]
  revision = "8e809c8a86450a29b90dcc9efbf062d0fe6d9746"

[[projects]]
  branch = "master"
  name = "github.com/opentracing-contrib/go-stdlib"
  packages = ["nethttp"]
  revision = "2b2d2700a3b75f6783973d5d5bbea33c7214c66f"

[[projects]]
  name = "github.com/opentracing/opentracing-go"
  packages = [".","ext","log"]
  revision = "659c90643e714681897ec2521c60567dd21da733"
  version = "v1.1.0"

[[projects]]
  name = "github.com/pkg/errors"
  packages = ["."]
  revision = "ba968bfe8b2f7e042a574c888954fccecfa385b4"
  version = "v0.8.1"

[[projects]]
  name = "github.com/rs/cors"
  packages = ["."]
  revision = "9a47f48565a795472d43519dd49aac781f3034fb"
  version = "v1.6.0"

[[projects]]
  name = "github.com/uber/jaeger-client-go"
  packages = [".","config","internal/baggage","internal/baggage/remote","internal/spanlog","internal/throttler","internal/throttler/remote","log","rpcmetrics","thrift","thrift-gen/agent","thrift-gen/baggage","thrift-gen/jaeger","thrift-gen/sampling","thrift-gen/zipkincore","transport","utils"]
  revision = "2f47546e3facd43297739439600bcf43f44cce5d"
  version = "v2.16.0"

[[projects]]
  name = "github.com/uber/jaeger-lib"
  packages = ["metrics"]
  revision = "0e30338a695636fe5bcf7301e8030ce8dd2a8530"
  version = "v2.0.0"

[[projects]]
  branch = "master"
  name = "golang.org/x/net"
  packages = ["context","http/httpguts","http2","http2/hpack","idna","internal/timeseries","trace"]
  revision = "3ec19112720433827bbce8be9342797f5a6aaaf9"

[[projects]]
  branch = "master"
  name = "golang.org/x/sys"
  packages = ["unix"]
  revision = "3a4b5fb9f71f5874b2374ae059bc0e0bcb52e145"

[[projects]]
  name = "golang.org/x/text"
  packages = ["collate","collate/build","internal/colltab","internal/gen","internal/language","internal/language/compact","internal/tag","internal/triegen","internal/ucd","language","secure/bidirule","transform","unicode/bidi","unicode/cldr","unicode/norm","unicode/rangetable"]
  revision = "342b2e1fbaa52c93f31447ad2c6abc048c63e475"
  version = "v0.3.2"

[[projects]]
  branch = "master"
  name = "google.golang.org/genproto"
  packages = ["googleapis/rpc/status"]
  revision = "d00d292a067ce1aa0017b40ca75437b42461fa61"

[[projects]]
  name = "google.golang.org/grpc"
  packages = [".","balancer","balancer/base","balancer/roundrobin","binarylog/grpc_binarylog_v1","codes","connectivity","credentials","credentials/internal","encoding","encoding/proto","grpclog","internal","internal/backoff","internal/balancerload","internal/binarylog","internal/channelz","internal/envconfig","internal/grpcrand","internal/grpcsync","internal/syscall","internal/transport","keepalive","metadata","naming","peer","resolver","resolver/dns","resolver/passthrough","stats","status","tap"]
  revision = "25c4f928eaa6d96443009bd842389fb4fa48664e"
  version = "v1.20.1"

[solve-meta]
  analyzer-name = "dep"
  analyzer-version = 1
  inputs-digest = "b8907004f1e9d027c08ff7c6dc65388152e9e689121a64769fc5d684a4fb9889"
  solver-name = "gps-cdcl"
  solver-version = 1
